Microsoft Visual Studio Solution File, Format Version 12.00
# Visual Studio Version 17
VisualStudioVersion = 17.3.32804.467
MinimumVisualStudioVersion = 10.0.40219.1
Project("{9A19103F-16F7-4668-BE54-9A1E7A4F7556}") = "AutSoft.All", "src\AutSoft.All\AutSoft.All.csproj", "{D5954B94-5C9C-4787-A2A6-3CC7D00EEFEA}"
EndProject
Project("{9A19103F-16F7-4668-BE54-9A1E7A4F7556}") = "AutSoft.Linq", "src\AutSoft.Linq\AutSoft.Linq.csproj", "{A03DAE6A-B41A-4037-B639-F973C6961BB2}"
EndProject
Project("{9A19103F-16F7-4668-BE54-9A1E7A4F7556}") = "AutSoft.DbScaffolding", "src\AutSoft.DbScaffolding\AutSoft.DbScaffolding.csproj", "{AF506C20-DD0A-4EA8-994E-E38ADC225962}"
EndProject
Project("{9A19103F-16F7-4668-BE54-9A1E7A4F7556}") = "AutSoft.DbScaffolding.Identity", "src\AutSoft.DbScaffolding.Identity\AutSoft.DbScaffolding.Identity.csproj", "{FF908529-9DDE-4DFB-ABA9-A2045E715B21}"
EndProject
Project("{9A19103F-16F7-4668-BE54-9A1E7A4F7556}") = "AutSoft.Common", "src\AutSoft.Core\AutSoft.Common.csproj", "{28371EF8-D3D3-40CA-AAE9-29D80AE0BF3F}"
EndProject
Project("{2150E333-8FDC-42A3-9474-1A3956D46DE8}") = "test", "test", "{7029D162-AEB0-4B68-A21E-90ABCD21DAD3}"
	ProjectSection(SolutionItems) = preProject
		test\.editorconfig = test\.editorconfig
	EndProjectSection
EndProject
Project("{9A19103F-16F7-4668-BE54-9A1E7A4F7556}") = "AutSoft.Linq.Tests", "test\AutSoft.Linq.Tests\AutSoft.Linq.Tests.csproj", "{D4D62897-E6D6-484E-AE4E-F3A0347ADD88}"
EndProject
Project("{2150E333-8FDC-42A3-9474-1A3956D46DE8}") = "src", "src", "{C46AA3F7-CBFE-428A-AA49-D1A1D40AB8A6}"
EndProject
Project("{2150E333-8FDC-42A3-9474-1A3956D46DE8}") = "Tools", "Tools", "{4E394277-2CC7-43A6-BB85-E13E44F27F9E}"
	ProjectSection(SolutionItems) = preProject
		.editorconfig = .editorconfig
		pipelines\autsoft-core-packages-cd.yml = pipelines\autsoft-core-packages-cd.yml
		src\Directory.Build.props = src\Directory.Build.props
		src\Directory.Packages.props = src\Directory.Packages.props
		pipelines\GitVersion.yml = pipelines\GitVersion.yml
		LICENSE.md = LICENSE.md
		README.md = README.md
	EndProjectSection
EndProject
Project("{9A19103F-16F7-4668-BE54-9A1E7A4F7556}") = "AutSoft.AspNetCore.Auth", "src\AutSoft.AspNetCore.Auth\AutSoft.AspNetCore.Auth.csproj", "{6B158B44-E28E-4276-BB65-72CDA4163F39}"
EndProject
Project("{9A19103F-16F7-4668-BE54-9A1E7A4F7556}") = "AutSoft.AspNetCore.Blazor", "src\AutSoft.AspNetCore.Blazor\AutSoft.AspNetCore.Blazor.csproj", "{1E00D30A-1EF0-4DAD-98C9-61FEE3EA7EF6}"
EndProject
Project("{FAE04EC0-301F-11D3-BF4B-00C04F79EFBC}") = "AutSoft.Mud.Blazor", "src\AutSoft.Mud.Blazor\AutSoft.Mud.Blazor.csproj", "{91EDCF80-45C8-4728-9240-52DA8DAD8F02}"
EndProject
Global
	GlobalSection(SolutionConfigurationPlatforms) = preSolution
		Debug|Any CPU = Debug|Any CPU
		Release|Any CPU = Release|Any CPU
	EndGlobalSection
	GlobalSection(ProjectConfigurationPlatforms) = postSolution
		{D5954B94-5C9C-4787-A2A6-3CC7D00EEFEA}.Debug|Any CPU.ActiveCfg = Debug|Any CPU
		{D5954B94-5C9C-4787-A2A6-3CC7D00EEFEA}.Debug|Any CPU.Build.0 = Debug|Any CPU
		{D5954B94-5C9C-4787-A2A6-3CC7D00EEFEA}.Release|Any CPU.ActiveCfg = Release|Any CPU
		{D5954B94-5C9C-4787-A2A6-3CC7D00EEFEA}.Release|Any CPU.Build.0 = Release|Any CPU
		{A03DAE6A-B41A-4037-B639-F973C6961BB2}.Debug|Any CPU.ActiveCfg = Debug|Any CPU
		{A03DAE6A-B41A-4037-B639-F973C6961BB2}.Debug|Any CPU.Build.0 = Debug|Any CPU
		{A03DAE6A-B41A-4037-B639-F973C6961BB2}.Release|Any CPU.ActiveCfg = Release|Any CPU
		{A03DAE6A-B41A-4037-B639-F973C6961BB2}.Release|Any CPU.Build.0 = Release|Any CPU
		{AF506C20-DD0A-4EA8-994E-E38ADC225962}.Debug|Any CPU.ActiveCfg = Debug|Any CPU
		{AF506C20-DD0A-4EA8-994E-E38ADC225962}.Debug|Any CPU.Build.0 = Debug|Any CPU
		{AF506C20-DD0A-4EA8-994E-E38ADC225962}.Release|Any CPU.ActiveCfg = Release|Any CPU
		{AF506C20-DD0A-4EA8-994E-E38ADC225962}.Release|Any CPU.Build.0 = Release|Any CPU
		{FF908529-9DDE-4DFB-ABA9-A2045E715B21}.Debug|Any CPU.ActiveCfg = Debug|Any CPU
		{FF908529-9DDE-4DFB-ABA9-A2045E715B21}.Debug|Any CPU.Build.0 = Debug|Any CPU
		{FF908529-9DDE-4DFB-ABA9-A2045E715B21}.Release|Any CPU.ActiveCfg = Release|Any CPU
		{FF908529-9DDE-4DFB-ABA9-A2045E715B21}.Release|Any CPU.Build.0 = Release|Any CPU
		{28371EF8-D3D3-40CA-AAE9-29D80AE0BF3F}.Debug|Any CPU.ActiveCfg = Debug|Any CPU
		{28371EF8-D3D3-40CA-AAE9-29D80AE0BF3F}.Debug|Any CPU.Build.0 = Debug|Any CPU
		{28371EF8-D3D3-40CA-AAE9-29D80AE0BF3F}.Release|Any CPU.ActiveCfg = Release|Any CPU
		{28371EF8-D3D3-40CA-AAE9-29D80AE0BF3F}.Release|Any CPU.Build.0 = Release|Any CPU
		{D4D62897-E6D6-484E-AE4E-F3A0347ADD88}.Debug|Any CPU.ActiveCfg = Debug|Any CPU
		{D4D62897-E6D6-484E-AE4E-F3A0347ADD88}.Debug|Any CPU.Build.0 = Debug|Any CPU
		{D4D62897-E6D6-484E-AE4E-F3A0347ADD88}.Release|Any CPU.ActiveCfg = Release|Any CPU
		{D4D62897-E6D6-484E-AE4E-F3A0347ADD88}.Release|Any CPU.Build.0 = Release|Any CPU
		{6B158B44-E28E-4276-BB65-72CDA4163F39}.Debug|Any CPU.ActiveCfg = Debug|Any CPU
		{6B158B44-E28E-4276-BB65-72CDA4163F39}.Debug|Any CPU.Build.0 = Debug|Any CPU
		{6B158B44-E28E-4276-BB65-72CDA4163F39}.Release|Any CPU.ActiveCfg = Release|Any CPU
		{6B158B44-E28E-4276-BB65-72CDA4163F39}.Release|Any CPU.Build.0 = Release|Any CPU
		{1E00D30A-1EF0-4DAD-98C9-61FEE3EA7EF6}.Debug|Any CPU.ActiveCfg = Debug|Any CPU
		{1E00D30A-1EF0-4DAD-98C9-61FEE3EA7EF6}.Debug|Any CPU.Build.0 = Debug|Any CPU
		{1E00D30A-1EF0-4DAD-98C9-61FEE3EA7EF6}.Release|Any CPU.ActiveCfg = Release|Any CPU
		{1E00D30A-1EF0-4DAD-98C9-61FEE3EA7EF6}.Release|Any CPU.Build.0 = Release|Any CPU
		{91EDCF80-45C8-4728-9240-52DA8DAD8F02}.Debug|Any CPU.ActiveCfg = Debug|Any CPU
		{91EDCF80-45C8-4728-9240-52DA8DAD8F02}.Debug|Any CPU.Build.0 = Debug|Any CPU
		{91EDCF80-45C8-4728-9240-52DA8DAD8F02}.Release|Any CPU.ActiveCfg = Release|Any CPU
		{91EDCF80-45C8-4728-9240-52DA8DAD8F02}.Release|Any CPU.Build.0 = Release|Any CPU
	EndGlobalSection
	GlobalSection(SolutionProperties) = preSolution
		HideSolutionNode = FALSE
	EndGlobalSection
	GlobalSection(NestedProjects) = preSolution
		{D5954B94-5C9C-4787-A2A6-3CC7D00EEFEA} = {C46AA3F7-CBFE-428A-AA49-D1A1D40AB8A6}
		{A03DAE6A-B41A-4037-B639-F973C6961BB2} = {C46AA3F7-CBFE-428A-AA49-D1A1D40AB8A6}
		{AF506C20-DD0A-4EA8-994E-E38ADC225962} = {C46AA3F7-CBFE-428A-AA49-D1A1D40AB8A6}
		{FF908529-9DDE-4DFB-ABA9-A2045E715B21} = {C46AA3F7-CBFE-428A-AA49-D1A1D40AB8A6}
		{28371EF8-D3D3-40CA-AAE9-29D80AE0BF3F} = {C46AA3F7-CBFE-428A-AA49-D1A1D40AB8A6}
		{D4D62897-E6D6-484E-AE4E-F3A0347ADD88} = {7029D162-AEB0-4B68-A21E-90ABCD21DAD3}
		{6B158B44-E28E-4276-BB65-72CDA4163F39} = {C46AA3F7-CBFE-428A-AA49-D1A1D40AB8A6}
		{1E00D30A-1EF0-4DAD-98C9-61FEE3EA7EF6} = {C46AA3F7-CBFE-428A-AA49-D1A1D40AB8A6}
		{91EDCF80-45C8-4728-9240-52DA8DAD8F02} = {C46AA3F7-CBFE-428A-AA49-D1A1D40AB8A6}
	EndGlobalSection
	GlobalSection(ExtensibilityGlobals) = postSolution
		SolutionGuid = {E4767DF1-41A6-4BF0-A957-2718986D8BC7}
	EndGlobalSection
EndGlobal
