
Microsoft Visual Studio Solution File, Format Version 12.00
# Visual Studio Version 17
VisualStudioVersion = 17.3.32804.467
MinimumVisualStudioVersion = 10.0.40219.1
Project("{9A19103F-16F7-4668-BE54-9A1E7A4F7556}") = "AutSoft.All", "AutSoft.All\AutSoft.All.csproj", "{D5954B94-5C9C-4787-A2A6-3CC7D00EEFEA}"
EndProject
Project("{9A19103F-16F7-4668-BE54-9A1E7A4F7556}") = "AutSoft.Linq", "AutSoft.Linq\AutSoft.Linq.csproj", "{A03DAE6A-B41A-4037-B639-F973C6961BB2}"
EndProject
Project("{9A19103F-16F7-4668-BE54-9A1E7A4F7556}") = "AutSoft.DbScaffolding", "AutSoft.DbScaffolding\AutSoft.DbScaffolding.csproj", "{AF506C20-DD0A-4EA8-994E-E38ADC225962}"
EndProject
Project("{9A19103F-16F7-4668-BE54-9A1E7A4F7556}") = "AutSoft.DbScaffolding.Identity", "AutSoft.DbScaffolding.Identity\AutSoft.DbScaffolding.Identity.csproj", "{FF908529-9DDE-4DFB-ABA9-A2045E715B21}"
EndProject
Project("{2150E333-8FDC-42A3-9474-1A3956D46DE8}") = "Tools", "Tools", "{4E394277-2CC7-43A6-BB85-E13E44F27F9E}"
	ProjectSection(SolutionItems) = preProject
		.editorconfig = .editorconfig
		Directory.Build.props = Directory.Build.props
		..\pipelines\autsoft-core-packages-cd.yml = ..\pipelines\autsoft-core-packages-cd.yml
		Directory.Packages.props = Directory.Packages.props
		..\pipelines\GitVersion.yml = ..\pipelines\GitVersion.yml
		..\README.md = ..\README.md
	EndProjectSection
EndProject
Global
	GlobalSection(SolutionConfigurationPlatforms) = preSolution
		Debug|Any CPU = Debug|Any CPU
		Release|Any CPU = Release|Any CPU
	EndGlobalSection
	GlobalSection(ProjectConfigurationPlatforms) = postSolution
		{D5954B94-5C9C-4787-A2A6-3CC7D00EEFEA}.Debug|Any CPU.ActiveCfg = Debug|Any CPU
		{D5954B94-5C9C-4787-A2A6-3CC7D00EEFEA}.Debug|Any CPU.Build.0 = Debug|Any CPU
		{D5954B94-5C9C-4787-A2A6-3CC7D00EEFEA}.Release|Any CPU.ActiveCfg = Release|Any CPU
		{D5954B94-5C9C-4787-A2A6-3CC7D00EEFEA}.Release|Any CPU.Build.0 = Release|Any CPU
		{A03DAE6A-B41A-4037-B639-F973C6961BB2}.Debug|Any CPU.ActiveCfg = Debug|Any CPU
		{A03DAE6A-B41A-4037-B639-F973C6961BB2}.Debug|Any CPU.Build.0 = Debug|Any CPU
		{A03DAE6A-B41A-4037-B639-F973C6961BB2}.Release|Any CPU.ActiveCfg = Release|Any CPU
		{A03DAE6A-B41A-4037-B639-F973C6961BB2}.Release|Any CPU.Build.0 = Release|Any CPU
		{AF506C20-DD0A-4EA8-994E-E38ADC225962}.Debug|Any CPU.ActiveCfg = Debug|Any CPU
		{AF506C20-DD0A-4EA8-994E-E38ADC225962}.Debug|Any CPU.Build.0 = Debug|Any CPU
		{AF506C20-DD0A-4EA8-994E-E38ADC225962}.Release|Any CPU.ActiveCfg = Release|Any CPU
		{AF506C20-DD0A-4EA8-994E-E38ADC225962}.Release|Any CPU.Build.0 = Release|Any CPU
		{FF908529-9DDE-4DFB-ABA9-A2045E715B21}.Debug|Any CPU.ActiveCfg = Debug|Any CPU
		{FF908529-9DDE-4DFB-ABA9-A2045E715B21}.Debug|Any CPU.Build.0 = Debug|Any CPU
		{FF908529-9DDE-4DFB-ABA9-A2045E715B21}.Release|Any CPU.ActiveCfg = Release|Any CPU
		{FF908529-9DDE-4DFB-ABA9-A2045E715B21}.Release|Any CPU.Build.0 = Release|Any CPU
	EndGlobalSection
	GlobalSection(SolutionProperties) = preSolution
		HideSolutionNode = FALSE
	EndGlobalSection
	GlobalSection(ExtensibilityGlobals) = postSolution
		SolutionGuid = {E4767DF1-41A6-4BF0-A957-2718986D8BC7}
	EndGlobalSection
EndGlobal
